
Microsoft Visual Studio Solution File, Format Version 12.00
# Visual Studio Version 17
VisualStudioVersion = 17.0.31919.166
MinimumVisualStudioVersion = 10.0.40219.1
Project("{FAE04EC0-301F-11D3-BF4B-00C04F79EFBC}") = "Npgsql.Bulk", "Npgsql.Bulk\Npgsql.Bulk.csproj", "{688A13D6-824A-498C-AD50-28E860E1DE58}"
EndProject
Project("{2150E333-8FDC-42A3-9474-1A3956D46DE8}") = "Solution Items", "Solution Items", "{94D57DF4-8116-44A2-9BDA-402E47D45F38}"
	ProjectSection(SolutionItems) = preProject
		CreatePackage.bat = CreatePackage.bat
		Package-core.nuspec = Package-core.nuspec
		Package.nuspec = Package.nuspec
	EndProjectSection
EndProject
Project("{FAE04EC0-301F-11D3-BF4B-00C04F79EFBC}") = "Npgsql.Bulk.SampleRunner", "Npgsql.Bulk.SampleRunner\Npgsql.Bulk.SampleRunner.csproj", "{F801495F-F504-4310-9696-94E4DB275612}"
EndProject
Project("{9A19103F-16F7-4668-BE54-9A1E7A4F7556}") = "Npgsql.Bulk.DotNetStandard20", "Npgsql.Bulk.DotNetStandard20\Npgsql.Bulk.DotNetStandard20.csproj", "{35CFA420-A328-4D22-A553-3E95E4D7FF15}"
EndProject
Project("{9A19103F-16F7-4668-BE54-9A1E7A4F7556}") = "Npgsql.Bulk.SampleRunner.DotNetStandard20", "Npgsql.Bulk.SampleRunner.DotNetStandard20\Npgsql.Bulk.SampleRunner.DotNetStandard20.csproj", "{C7B2A083-6BB9-49BE-9A3E-A09EC62CD405}"
EndProject
Project("{9A19103F-16F7-4668-BE54-9A1E7A4F7556}") = "Npgsql.Bulk.IntegrationTests.DotNetStandard20", "Npgsql.Bulk.IntegrationTests.DotNetStandard20\Npgsql.Bulk.IntegrationTests.DotNetStandard20.csproj", "{7FD417F6-25A1-46D6-A416-03358FBFBEC4}"
EndProject
Project("{9A19103F-16F7-4668-BE54-9A1E7A4F7556}") = "Npgsql.Bulk.DotNetStandard21", "Npgsql.Bulk.DotNetStandard21\Npgsql.Bulk.DotNetStandard21.csproj", "{25A92752-58EF-4BE0-9637-92030314A3DE}"
EndProject
Project("{9A19103F-16F7-4668-BE54-9A1E7A4F7556}") = "Npgsql.Bulk.SampleRunner.DotNetStandard21", "Npgsql.Bulk.SampleRunner.DotNetStandard21\Npgsql.Bulk.SampleRunner.DotNetStandard21.csproj", "{00426175-AB90-47DF-B64C-E655A64BE663}"
EndProject
Project("{9A19103F-16F7-4668-BE54-9A1E7A4F7556}") = "Npgsql.Bulk.DotNetStandard21Ef6", "Npgsql.Bulk.DotNetStandard21Ef6\Npgsql.Bulk.DotNetStandard21Ef6.csproj", "{F00E1DDF-960C-4D49-A322-35A79B080BFC}"
EndProject
Project("{9A19103F-16F7-4668-BE54-9A1E7A4F7556}") = "Npgsql.Bulk.SampleRunner.DotNetStandard21Ef6", "Npgsql.Bulk.SampleRunner.DotNetStandard21Ef6\Npgsql.Bulk.SampleRunner.DotNetStandard21Ef6.csproj", "{197EB1EE-DD3D-4BF1-9CBC-1FADBBA77F8E}"
EndProject
Project("{9A19103F-16F7-4668-BE54-9A1E7A4F7556}") = "Npgsql.Bulk.SampleRunner.DotNet5", "Npgsql.Bulk.SampleRunner.DotNet5\Npgsql.Bulk.SampleRunner.DotNet5.csproj", "{C4D5775D-9099-49DB-92AA-64A720951D38}"
EndProject
Project("{9A19103F-16F7-4668-BE54-9A1E7A4F7556}") = "Npgsql.Bulk.DotNet5", "Npgsql.Bulk.DotNet5\Npgsql.Bulk.DotNet5.csproj", "{FB063D36-C1BD-4D15-8E2B-BC285CD58A2D}"
EndProject
Project("{9A19103F-16F7-4668-BE54-9A1E7A4F7556}") = "Npgsql.Bulk.DotNet6", "Npgsql.Bulk.DotNet6\Npgsql.Bulk.DotNet6.csproj", "{CEFBB972-DE5D-4023-BCEF-90C7D7776A53}"
EndProject
Project("{9A19103F-16F7-4668-BE54-9A1E7A4F7556}") = "Npgsql.Bulk.SampleRunner.DotNet6", "Npgsql.Bulk.SampleRunner.DotNet6\Npgsql.Bulk.SampleRunner.DotNet6.csproj", "{015BA51E-DF5C-45D4-91C0-37BC49F0E7EF}"
EndProject
Project("{9A19103F-16F7-4668-BE54-9A1E7A4F7556}") = "Npgsql.Bulk.SampleRunner.DotNet7", "Npgsql.Bulk.SampleRunner.DotNet7\Npgsql.Bulk.SampleRunner.DotNet7.csproj", "{F4991AE2-D513-4A2F-9D8A-907E83BB4855}"
EndProject
Project("{9A19103F-16F7-4668-BE54-9A1E7A4F7556}") = "Npgsql.Bulk.DotNet7", "Npgsql.Bulk.DotNet7\Npgsql.Bulk.DotNet7.csproj", "{EEA98423-2941-4B4E-A114-4A653A83CA7A}"
EndProject
Project("{FAE04EC0-301F-11D3-BF4B-00C04F79EFBC}") = "Npgsql.Bulk.DotNet8", "Npgsql.Bulk.DotNet8\Npgsql.Bulk.DotNet8.csproj", "{632E69BB-3B8A-43FA-80DB-C121B655741C}"
EndProject
Project("{FAE04EC0-301F-11D3-BF4B-00C04F79EFBC}") = "Npgsql.Bulk.SampleRunner.DotNet8", "Npgsql.Bulk.SampleRunner.DotNet8\Npgsql.Bulk.SampleRunner.DotNet8.csproj", "{8C527258-804B-4B04-A9E1-FF342566D2C7}"
EndProject
Global
	GlobalSection(SolutionConfigurationPlatforms) = preSolution
		Debug|Any CPU = Debug|Any CPU
		Release|Any CPU = Release|Any CPU
	EndGlobalSection
	GlobalSection(ProjectConfigurationPlatforms) = postSolution
		{688A13D6-824A-498C-AD50-28E860E1DE58}.Debug|Any CPU.ActiveCfg = Debug|Any CPU
		{688A13D6-824A-498C-AD50-28E860E1DE58}.Debug|Any CPU.Build.0 = Debug|Any CPU
		{688A13D6-824A-498C-AD50-28E860E1DE58}.Release|Any CPU.ActiveCfg = Release|Any CPU
		{688A13D6-824A-498C-AD50-28E860E1DE58}.Release|Any CPU.Build.0 = Release|Any CPU
		{F801495F-F504-4310-9696-94E4DB275612}.Debug|Any CPU.ActiveCfg = Debug|Any CPU
		{F801495F-F504-4310-9696-94E4DB275612}.Debug|Any CPU.Build.0 = Debug|Any CPU
		{F801495F-F504-4310-9696-94E4DB275612}.Release|Any CPU.ActiveCfg = Release|Any CPU
		{F801495F-F504-4310-9696-94E4DB275612}.Release|Any CPU.Build.0 = Release|Any CPU
		{35CFA420-A328-4D22-A553-3E95E4D7FF15}.Debug|Any CPU.ActiveCfg = Debug|Any CPU
		{35CFA420-A328-4D22-A553-3E95E4D7FF15}.Debug|Any CPU.Build.0 = Debug|Any CPU
		{35CFA420-A328-4D22-A553-3E95E4D7FF15}.Release|Any CPU.ActiveCfg = Release|Any CPU
		{35CFA420-A328-4D22-A553-3E95E4D7FF15}.Release|Any CPU.Build.0 = Release|Any CPU
		{C7B2A083-6BB9-49BE-9A3E-A09EC62CD405}.Debug|Any CPU.ActiveCfg = Debug|Any CPU
		{C7B2A083-6BB9-49BE-9A3E-A09EC62CD405}.Debug|Any CPU.Build.0 = Debug|Any CPU
		{C7B2A083-6BB9-49BE-9A3E-A09EC62CD405}.Release|Any CPU.ActiveCfg = Release|Any CPU
		{C7B2A083-6BB9-49BE-9A3E-A09EC62CD405}.Release|Any CPU.Build.0 = Release|Any CPU
		{7FD417F6-25A1-46D6-A416-03358FBFBEC4}.Debug|Any CPU.ActiveCfg = Debug|Any CPU
		{7FD417F6-25A1-46D6-A416-03358FBFBEC4}.Debug|Any CPU.Build.0 = Debug|Any CPU
		{7FD417F6-25A1-46D6-A416-03358FBFBEC4}.Release|Any CPU.ActiveCfg = Release|Any CPU
		{7FD417F6-25A1-46D6-A416-03358FBFBEC4}.Release|Any CPU.Build.0 = Release|Any CPU
		{25A92752-58EF-4BE0-9637-92030314A3DE}.Debug|Any CPU.ActiveCfg = Debug|Any CPU
		{25A92752-58EF-4BE0-9637-92030314A3DE}.Debug|Any CPU.Build.0 = Debug|Any CPU
		{25A92752-58EF-4BE0-9637-92030314A3DE}.Release|Any CPU.ActiveCfg = Release|Any CPU
		{25A92752-58EF-4BE0-9637-92030314A3DE}.Release|Any CPU.Build.0 = Release|Any CPU
		{00426175-AB90-47DF-B64C-E655A64BE663}.Debug|Any CPU.ActiveCfg = Debug|Any CPU
		{00426175-AB90-47DF-B64C-E655A64BE663}.Debug|Any CPU.Build.0 = Debug|Any CPU
		{00426175-AB90-47DF-B64C-E655A64BE663}.Release|Any CPU.ActiveCfg = Release|Any CPU
		{00426175-AB90-47DF-B64C-E655A64BE663}.Release|Any CPU.Build.0 = Release|Any CPU
		{F00E1DDF-960C-4D49-A322-35A79B080BFC}.Debug|Any CPU.ActiveCfg = Debug|Any CPU
		{F00E1DDF-960C-4D49-A322-35A79B080BFC}.Debug|Any CPU.Build.0 = Debug|Any CPU
		{F00E1DDF-960C-4D49-A322-35A79B080BFC}.Release|Any CPU.ActiveCfg = Release|Any CPU
		{F00E1DDF-960C-4D49-A322-35A79B080BFC}.Release|Any CPU.Build.0 = Release|Any CPU
		{197EB1EE-DD3D-4BF1-9CBC-1FADBBA77F8E}.Debug|Any CPU.ActiveCfg = Debug|Any CPU
		{197EB1EE-DD3D-4BF1-9CBC-1FADBBA77F8E}.Debug|Any CPU.Build.0 = Debug|Any CPU
		{197EB1EE-DD3D-4BF1-9CBC-1FADBBA77F8E}.Release|Any CPU.ActiveCfg = Release|Any CPU
		{197EB1EE-DD3D-4BF1-9CBC-1FADBBA77F8E}.Release|Any CPU.Build.0 = Release|Any CPU
		{C4D5775D-9099-49DB-92AA-64A720951D38}.Debug|Any CPU.ActiveCfg = Debug|Any CPU
		{C4D5775D-9099-49DB-92AA-64A720951D38}.Debug|Any CPU.Build.0 = Debug|Any CPU
		{C4D5775D-9099-49DB-92AA-64A720951D38}.Release|Any CPU.ActiveCfg = Release|Any CPU
		{C4D5775D-9099-49DB-92AA-64A720951D38}.Release|Any CPU.Build.0 = Release|Any CPU
		{FB063D36-C1BD-4D15-8E2B-BC285CD58A2D}.Debug|Any CPU.ActiveCfg = Debug|Any CPU
		{FB063D36-C1BD-4D15-8E2B-BC285CD58A2D}.Debug|Any CPU.Build.0 = Debug|Any CPU
		{FB063D36-C1BD-4D15-8E2B-BC285CD58A2D}.Release|Any CPU.ActiveCfg = Release|Any CPU
		{FB063D36-C1BD-4D15-8E2B-BC285CD58A2D}.Release|Any CPU.Build.0 = Release|Any CPU
		{CEFBB972-DE5D-4023-BCEF-90C7D7776A53}.Debug|Any CPU.ActiveCfg = Debug|Any CPU
		{CEFBB972-DE5D-4023-BCEF-90C7D7776A53}.Debug|Any CPU.Build.0 = Debug|Any CPU
		{CEFBB972-DE5D-4023-BCEF-90C7D7776A53}.Release|Any CPU.ActiveCfg = Release|Any CPU
		{CEFBB972-DE5D-4023-BCEF-90C7D7776A53}.Release|Any CPU.Build.0 = Release|Any CPU
		{015BA51E-DF5C-45D4-91C0-37BC49F0E7EF}.Debug|Any CPU.ActiveCfg = Debug|Any CPU
		{015BA51E-DF5C-45D4-91C0-37BC49F0E7EF}.Debug|Any CPU.Build.0 = Debug|Any CPU
		{015BA51E-DF5C-45D4-91C0-37BC49F0E7EF}.Release|Any CPU.ActiveCfg = Release|Any CPU
		{015BA51E-DF5C-45D4-91C0-37BC49F0E7EF}.Release|Any CPU.Build.0 = Release|Any CPU
		{F4991AE2-D513-4A2F-9D8A-907E83BB4855}.Debug|Any CPU.ActiveCfg = Debug|Any CPU
		{F4991AE2-D513-4A2F-9D8A-907E83BB4855}.Debug|Any CPU.Build.0 = Debug|Any CPU
		{F4991AE2-D513-4A2F-9D8A-907E83BB4855}.Release|Any CPU.ActiveCfg = Release|Any CPU
		{F4991AE2-D513-4A2F-9D8A-907E83BB4855}.Release|Any CPU.Build.0 = Release|Any CPU
		{EEA98423-2941-4B4E-A114-4A653A83CA7A}.Debug|Any CPU.ActiveCfg = Debug|Any CPU
		{EEA98423-2941-4B4E-A114-4A653A83CA7A}.Debug|Any CPU.Build.0 = Debug|Any CPU
		{EEA98423-2941-4B4E-A114-4A653A83CA7A}.Release|Any CPU.ActiveCfg = Release|Any CPU
		{EEA98423-2941-4B4E-A114-4A653A83CA7A}.Release|Any CPU.Build.0 = Release|Any CPU
		{632E69BB-3B8A-43FA-80DB-C121B655741C}.Debug|Any CPU.ActiveCfg = Debug|Any CPU
		{632E69BB-3B8A-43FA-80DB-C121B655741C}.Debug|Any CPU.Build.0 = Debug|Any CPU
		{632E69BB-3B8A-43FA-80DB-C121B655741C}.Release|Any CPU.ActiveCfg = Release|Any CPU
		{632E69BB-3B8A-43FA-80DB-C121B655741C}.Release|Any CPU.Build.0 = Release|Any CPU
		{8C527258-804B-4B04-A9E1-FF342566D2C7}.Debug|Any CPU.ActiveCfg = Debug|Any CPU
		{8C527258-804B-4B04-A9E1-FF342566D2C7}.Debug|Any CPU.Build.0 = Debug|Any CPU
		{8C527258-804B-4B04-A9E1-FF342566D2C7}.Release|Any CPU.ActiveCfg = Release|Any CPU
		{8C527258-804B-4B04-A9E1-FF342566D2C7}.Release|Any CPU.Build.0 = Release|Any CPU
	EndGlobalSection
	GlobalSection(SolutionProperties) = preSolution
		HideSolutionNode = FALSE
	EndGlobalSection
	GlobalSection(ExtensibilityGlobals) = postSolution
		SolutionGuid = {DA4436EA-95F7-4392-8225-4E1EB0B0150D}
	EndGlobalSection
EndGlobal
